{
  "name": "@komagata/filetype",
  "version": "1.0.0",
  "lockfileVersion": 3,
  "requires": true,
  "packages": {
    "": {
      "name": "@komagata/filetype",
      "version": "1.0.0",
      "license": "ISC",
      "dependencies": {
        "magic-bytes.js": "^1.0.14"
      },
      "bin": {
        "cli": "bin/cli.js"
      }
    },
    "node_modules/magic-bytes.js": {
      "version": "1.0.14",
      "resolved": "https://registry.npmjs.org/magic-bytes.js/-/magic-bytes.js-1.0.14.tgz",
      "integrity": "sha512-Xz644ideT892A7l9JtYLlVp3KjQc8gHJP9rN6H2Mq8OOld6BMU7xiS9rFGYAXeY7Z/yHOYtFSLyFzL8/NaodPw=="
    }
  }
}
